
Microsoft Visual Studio Solution File, Format Version 12.00
# Visual Studio Version 17
VisualStudioVersion = 17.11.35303.130
MinimumVisualStudioVersion = 10.0.40219.1
Project("{FAE04EC0-301F-11D3-BF4B-00C04F79EFBC}") = "POOL_SEMANA02_CELULAR", "POOL_SEMANA02_CELULAR\POOL_SEMANA02_CELULAR.csproj", "{E6AA7BA0-B25E-4AAE-A6FE-2AC77784BE87}"
EndProject
Project("{FAE04EC0-301F-11D3-BF4B-00C04F79EFBC}") = "POOL_SEMANA02_Computadora", "POOL_SEMANA02_Computadora\POOL_SEMANA02_Computadora.csproj", "{01219FD3-A77B-420C-A78D-4C0D08472741}"
EndProject
Project("{FAE04EC0-301F-11D3-BF4B-00C04F79EFBC}") = "POOL_SEMANA02_Edificio", "POOL_SEMANA02_Edificio\POOL_SEMANA02_Edificio.csproj", "{62F7126F-EB80-430A-8797-F682A027A521}"
EndProject
Project("{FAE04EC0-301F-11D3-BF4B-00C04F79EFBC}") = "POOL_SEMANA02_Obrero", "POOL_SEMANA02_Obrero\POOL_SEMANA02_Obrero.csproj", "{32BF1596-9070-4D36-8352-792E527046B4}"
EndProject
Project("{FAE04EC0-301F-11D3-BF4B-00C04F79EFBC}") = "POOL_SEMANA02_Video", "POOL_SEMANA02_Video\POOL_SEMANA02_Video.csproj", "{9290CF09-1332-41B6-A776-2D3C87D41357}"
EndProject
Project("{FAE04EC0-301F-11D3-BF4B-00C04F79EFBC}") = "POOL_SEMANA02_Paciente", "POOL_SEMANA02_Paciente\POOL_SEMANA02_Paciente.csproj", "{44A73C83-ADE4-4B4D-A7AD-87138E678950}"
EndProject
Project("{FAE04EC0-301F-11D3-BF4B-00C04F79EFBC}") = "POOL_SEMANA02_Empleado", "POOL_SEMANA02_Empleado\POOL_SEMANA02_Empleado.csproj", "{ACF3D705-B1CF-4EB7-AFF9-049759BFFA89}"
EndProject
Project("{FAE04EC0-301F-11D3-BF4B-00C04F79EFBC}") = "POOL_SEMANA02_Asesor", "POOL_SEMANA02_Asesor\POOL_SEMANA02_Asesor.csproj", "{8DE4EBBA-E105-4FF9-A3E0-6D6809B69F5E}"
EndProject
Project("{FAE04EC0-301F-11D3-BF4B-00C04F79EFBC}") = "POOL_SEMANA02_Pelota", "POOL_SEMANA02_Pelota\POOL_SEMANA02_Pelota.csproj", "{2F48DEB1-860E-4BD9-8898-F77C7E356779}"
EndProject
Global
	GlobalSection(SolutionConfigurationPlatforms) = preSolution
		Debug|Any CPU = Debug|Any CPU
		Release|Any CPU = Release|Any CPU
	EndGlobalSection
	GlobalSection(ProjectConfigurationPlatforms) = postSolution
		{E6AA7BA0-B25E-4AAE-A6FE-2AC77784BE87}.Debug|Any CPU.ActiveCfg = Debug|Any CPU
		{E6AA7BA0-B25E-4AAE-A6FE-2AC77784BE87}.Debug|Any CPU.Build.0 = Debug|Any CPU
		{E6AA7BA0-B25E-4AAE-A6FE-2AC77784BE87}.Release|Any CPU.ActiveCfg = Release|Any CPU
		{E6AA7BA0-B25E-4AAE-A6FE-2AC77784BE87}.Release|Any CPU.Build.0 = Release|Any CPU
		{01219FD3-A77B-420C-A78D-4C0D08472741}.Debug|Any CPU.ActiveCfg = Debug|Any CPU
		{01219FD3-A77B-420C-A78D-4C0D08472741}.Debug|Any CPU.Build.0 = Debug|Any CPU
		{01219FD3-A77B-420C-A78D-4C0D08472741}.Release|Any CPU.ActiveCfg = Release|Any CPU
		{01219FD3-A77B-420C-A78D-4C0D08472741}.Release|Any CPU.Build.0 = Release|Any CPU
		{62F7126F-EB80-430A-8797-F682A027A521}.Debug|Any CPU.ActiveCfg = Debug|Any CPU
		{62F7126F-EB80-430A-8797-F682A027A521}.Debug|Any CPU.Build.0 = Debug|Any CPU
		{62F7126F-EB80-430A-8797-F682A027A521}.Release|Any CPU.ActiveCfg = Release|Any CPU
		{62F7126F-EB80-430A-8797-F682A027A521}.Release|Any CPU.Build.0 = Release|Any CPU
		{32BF1596-9070-4D36-8352-792E527046B4}.Debug|Any CPU.ActiveCfg = Debug|Any CPU
		{32BF1596-9070-4D36-8352-792E527046B4}.Debug|Any CPU.Build.0 = Debug|Any CPU
		{32BF1596-9070-4D36-8352-792E527046B4}.Release|Any CPU.ActiveCfg = Release|Any CPU
		{32BF1596-9070-4D36-8352-792E527046B4}.Release|Any CPU.Build.0 = Release|Any CPU
		{9290CF09-1332-41B6-A776-2D3C87D41357}.Debug|Any CPU.ActiveCfg = Debug|Any CPU
		{9290CF09-1332-41B6-A776-2D3C87D41357}.Debug|Any CPU.Build.0 = Debug|Any CPU
		{9290CF09-1332-41B6-A776-2D3C87D41357}.Release|Any CPU.ActiveCfg = Release|Any CPU
		{9290CF09-1332-41B6-A776-2D3C87D41357}.Release|Any CPU.Build.0 = Release|Any CPU
		{44A73C83-ADE4-4B4D-A7AD-87138E678950}.Debug|Any CPU.ActiveCfg = Debug|Any CPU
		{44A73C83-ADE4-4B4D-A7AD-87138E678950}.Debug|Any CPU.Build.0 = Debug|Any CPU
		{44A73C83-ADE4-4B4D-A7AD-87138E678950}.Release|Any CPU.ActiveCfg = Release|Any CPU
		{44A73C83-ADE4-4B4D-A7AD-87138E678950}.Release|Any CPU.Build.0 = Release|Any CPU
		{ACF3D705-B1CF-4EB7-AFF9-049759BFFA89}.Debug|Any CPU.ActiveCfg = Debug|Any CPU
		{ACF3D705-B1CF-4EB7-AFF9-049759BFFA89}.Debug|Any CPU.Build.0 = Debug|Any CPU
		{ACF3D705-B1CF-4EB7-AFF9-049759BFFA89}.Release|Any CPU.ActiveCfg = Release|Any CPU
		{ACF3D705-B1CF-4EB7-AFF9-049759BFFA89}.Release|Any CPU.Build.0 = Release|Any CPU
		{8DE4EBBA-E105-4FF9-A3E0-6D6809B69F5E}.Debug|Any CPU.ActiveCfg = Debug|Any CPU
		{8DE4EBBA-E105-4FF9-A3E0-6D6809B69F5E}.Debug|Any CPU.Build.0 = Debug|Any CPU
		{8DE4EBBA-E105-4FF9-A3E0-6D6809B69F5E}.Release|Any CPU.ActiveCfg = Release|Any CPU
		{8DE4EBBA-E105-4FF9-A3E0-6D6809B69F5E}.Release|Any CPU.Build.0 = Release|Any CPU
		{2F48DEB1-860E-4BD9-8898-F77C7E356779}.Debug|Any CPU.ActiveCfg = Debug|Any CPU
		{2F48DEB1-860E-4BD9-8898-F77C7E356779}.Debug|Any CPU.Build.0 = Debug|Any CPU
		{2F48DEB1-860E-4BD9-8898-F77C7E356779}.Release|Any CPU.ActiveCfg = Release|Any CPU
		{2F48DEB1-860E-4BD9-8898-F77C7E356779}.Release|Any CPU.Build.0 = Release|Any CPU
	EndGlobalSection
	GlobalSection(SolutionProperties) = preSolution
		HideSolutionNode = FALSE
	EndGlobalSection
	GlobalSection(ExtensibilityGlobals) = postSolution
		SolutionGuid = {90A938F1-DABE-48F5-8895-256EF15C1CA5}
	EndGlobalSection
EndGlobal
